{
	"name": "niri-mcp",
	"version": "1.0.0",
	"lockfileVersion": 3,
	"requires": true,
	"packages": {
		"": {
			"name": "niri-mcp",
			"version": "1.0.0",
			"license": "MIT",
			"dependencies": {
				"gunshi": "^0.27.5",
				"tinyexec": "^1.0.2"
			}
		},
		"node_modules/args-tokens": {
			"version": "0.23.0",
			"resolved": "https://registry.npmjs.org/args-tokens/-/args-tokens-0.23.0.tgz",
			"integrity": "sha512-VZETsQmpEGO7A9adjfIOTyZuxKzurUas9kh1Hm0WGhFq8dOyw50P6OjiTwKyURwnmDabw0DbFjI+BUucJfCtnQ==",
			"license": "MIT",
			"engines": {
				"node": ">= 20"
			},
			"funding": {
				"url": "https://github.com/sponsors/kazupon"
			}
		},
		"node_modules/gunshi": {
			"version": "0.27.5",
			"resolved": "https://registry.npmjs.org/gunshi/-/gunshi-0.27.5.tgz",
			"integrity": "sha512-ExdnmI90hQ/eR1wnUc5rVom+K16F1hSpbYrplpt6rrJhXLprVGK9/E63bk7Rju27hAqc3WvpCa8PeY95R165fw==",
			"license": "MIT",
			"dependencies": {
				"args-tokens": "^0.23.0"
			},
			"engines": {
				"node": ">= 20"
			},
			"funding": {
				"url": "https://github.com/sponsors/kazupon"
			}
		},
		"node_modules/tinyexec": {
			"version": "1.0.2",
			"resolved": "https://registry.npmjs.org/tinyexec/-/tinyexec-1.0.2.tgz",
			"integrity": "sha512-W/KYk+NFhkmsYpuHq5JykngiOCnxeVL8v8dFnqxSD8qEEdRfXk1SDM6JzNqcERbcGYj9tMrDQBYV9cjgnunFIg==",
			"license": "MIT",
			"engines": {
				"node": ">=18"
			}
		}
	}
}
